// !$*UTF8*$!
{
	archiveVersion = 1;
	classes = {
	};
	objectVersion = 56;
	objects = {

/* Begin PBXBuildFile section */
		4801B3C42B696BFE00D62337 /* CardProtocolViewController.swift in Sources */ = {isa = PBXBuildFile; fileRef = 4801B3C32B696BFE00D62337 /* CardProtocolViewController.swift */; };
		4801B3C62B696E5900D62337 /* HomebaseProtocolViewController.swift in Sources */ = {isa = PBXBuildFile; fileRef = 4801B3C52B696E5900D62337 /* HomebaseProtocolViewController.swift */; };
		4801B3C82B6AC7C700D62337 /* FadeOutTitleView.swift in Sources */ = {isa = PBXBuildFile; fileRef = 4801B3C72B6AC7C700D62337 /* FadeOutTitleView.swift */; };
		481781232B8549F3004AD7D8 /* DutyViewController.swift in Sources */ = {isa = PBXBuildFile; fileRef = 481781222B8549F3004AD7D8 /* DutyViewController.swift */; };
		482F783F2B670D62003C1E35 /* TitleViewController.swift in Sources */ = {isa = PBXBuildFile; fileRef = 482F783E2B670D62003C1E35 /* TitleViewController.swift */; };
		482F78412B672474003C1E35 /* HomepageViewController.swift in Sources */ = {isa = PBXBuildFile; fileRef = 482F78402B672474003C1E35 /* HomepageViewController.swift */; };
		482F78432B67847F003C1E35 /* DirectoryViewController.swift in Sources */ = {isa = PBXBuildFile; fileRef = 482F78422B67847F003C1E35 /* DirectoryViewController.swift */; };
		482F78452B6784B2003C1E35 /* REMViewController.swift in Sources */ = {isa = PBXBuildFile; fileRef = 482F78442B6784B2003C1E35 /* REMViewController.swift */; };
		48681FE42B6575720016960E /* AppDelegate.swift in Sources */ = {isa = PBXBuildFile; fileRef = 48681FE32B6575720016960E /* AppDelegate.swift */; };
		48681FE62B6575720016960E /* SceneDelegate.swift in Sources */ = {isa = PBXBuildFile; fileRef = 48681FE52B6575720016960E /* SceneDelegate.swift */; };
		48681FE82B6575720016960E /* ViewController.swift in Sources */ = {isa = PBXBuildFile; fileRef = 48681FE72B6575720016960E /* ViewController.swift */; };
		48681FEB2B6575720016960E /* Main.storyboard in Resources */ = {isa = PBXBuildFile; fileRef = 48681FE92B6575720016960E /* Main.storyboard */; };
		48681FED2B6575740016960E /* Assets.xcassets in Resources */ = {isa = PBXBuildFile; fileRef = 48681FEC2B6575740016960E /* Assets.xcassets */; };
		48681FF02B6575740016960E /* LaunchScreen.storyboard in Resources */ = {isa = PBXBuildFile; fileRef = 48681FEE2B6575740016960E /* LaunchScreen.storyboard */; };
		48681FF82B6576860016960E /* CircleView.swift in Sources */ = {isa = PBXBuildFile; fileRef = 48681FF72B6576860016960E /* CircleView.swift */; };
		48DB7F502B6897F0001D9851 /* LockoutTypeViewController.swift in Sources */ = {isa = PBXBuildFile; fileRef = 48DB7F4F2B6897F0001D9851 /* LockoutTypeViewController.swift */; };
		48EEF4D12B6B60E500DF4C11 /* HorizontalSegue.swift in Sources */ = {isa = PBXBuildFile; fileRef = 48EEF4D02B6B60E500DF4C11 /* HorizontalSegue.swift */; };
/* End PBXBuildFile section */

/* Begin PBXFileReference section */
		4801B3C32B696BFE00D62337 /* CardProtocolViewController.swift */ = {isa = PBXFileReference; lastKnownFileType = sourcecode.swift; path = CardProtocolViewController.swift; sourceTree = "<group>"; };
		4801B3C52B696E5900D62337 /* HomebaseProtocolViewController.swift */ = {isa = PBXFileReference; lastKnownFileType = sourcecode.swift; path = HomebaseProtocolViewController.swift; sourceTree = "<group>"; };
		4801B3C72B6AC7C700D62337 /* FadeOutTitleView.swift */ = {isa = PBXFileReference; lastKnownFileType = sourcecode.swift; path = FadeOutTitleView.swift; sourceTree = "<group>"; };
		481781222B8549F3004AD7D8 /* DutyViewController.swift */ = {isa = PBXFileReference; lastKnownFileType = sourcecode.swift; path = DutyViewController.swift; sourceTree = "<group>"; };
		482F783E2B670D62003C1E35 /* TitleViewController.swift */ = {isa = PBXFileReference; lastKnownFileType = sourcecode.swift; path = TitleViewController.swift; sourceTree = "<group>"; };
		482F78402B672474003C1E35 /* HomepageViewController.swift */ = {isa = PBXFileReference; lastKnownFileType = sourcecode.swift; path = HomepageViewController.swift; sourceTree = "<group>"; };
		482F78422B67847F003C1E35 /* DirectoryViewController.swift */ = {isa = PBXFileReference; lastKnownFileType = sourcecode.swift; path = DirectoryViewController.swift; sourceTree = "<group>"; };
		482F78442B6784B2003C1E35 /* REMViewController.swift */ = {isa = PBXFileReference; lastKnownFileType = sourcecode.swift; path = REMViewController.swift; sourceTree = "<group>"; };
		48681FE02B6575720016960E /* prozi.app */ = {isa = PBXFileReference; explicitFileType = wrapper.application; includeInIndex = 0; path = prozi.app; sourceTree = BUILT_PRODUCTS_DIR; };
		48681FE32B6575720016960E /* AppDelegate.swift */ = {isa = PBXFileReference; lastKnownFileType = sourcecode.swift; path = AppDelegate.swift; sourceTree = "<group>"; };
		48681FE52B6575720016960E /* SceneDelegate.swift */ = {isa = PBXFileReference; lastKnownFileType = sourcecode.swift; path = SceneDelegate.swift; sourceTree = "<group>"; };
		48681FE72B6575720016960E /* ViewController.swift */ = {isa = PBXFileReference; lastKnownFileType = sourcecode.swift; path = ViewController.swift; sourceTree = "<group>"; };
		48681FEA2B6575720016960E /* Base */ = {isa = PBXFileReference; lastKnownFileType = file.storyboard; name = Base; path = Base.lproj/Main.storyboard; sourceTree = "<group>"; };
		48681FEC2B6575740016960E /* Assets.xcassets */ = {isa = PBXFileReference; lastKnownFileType = folder.assetcatalog; path = Assets.xcassets; sourceTree = "<group>"; };
		48681FEF2B6575740016960E /* Base */ = {isa = PBXFileReference; lastKnownFileType = file.storyboard; name = Base; path = Base.lproj/LaunchScreen.storyboard; sourceTree = "<group>"; };
		48681FF12B6575740016960E /* Info.plist */ = {isa = PBXFileReference; lastKnownFileType = text.plist.xml; path = Info.plist; sourceTree = "<group>"; };
		48681FF72B6576860016960E /* CircleView.swift */ = {isa = PBXFileReference; lastKnownFileType = sourcecode.swift; path = CircleView.swift; sourceTree = "<group>"; };
		48DB7F4F2B6897F0001D9851 /* LockoutTypeViewController.swift */ = {isa = PBXFileReference; lastKnownFileType = sourcecode.swift; path = LockoutTypeViewController.swift; sourceTree = "<group>"; };
		48EEF4D02B6B60E500DF4C11 /* HorizontalSegue.swift */ = {isa = PBXFileReference; lastKnownFileType = sourcecode.swift; path = HorizontalSegue.swift; sourceTree = "<group>"; };
/* End PBXFileReference section */

/* Begin PBXFrameworksBuildPhase section */
		48681FDD2B6575720016960E /* Frameworks */ = {
			isa = PBXFrameworksBuildPhase;
			buildActionMask = 2147483647;
			files = (
			);
			runOnlyForDeploymentPostprocessing = 0;
		};
/* End PBXFrameworksBuildPhase section */

/* Begin PBXGroup section */
		48681FD72B6575720016960E = {
			isa = PBXGroup;
			children = (
				48681FE22B6575720016960E /* prozi */,
				48681FE12B6575720016960E /* Products */,
			);
			sourceTree = "<group>";
		};
		48681FE12B6575720016960E /* Products */ = {
			isa = PBXGroup;
			children = (
				48681FE02B6575720016960E /* prozi.app */,
			);
			name = Products;
			sourceTree = "<group>";
		};
		48681FE22B6575720016960E /* prozi */ = {
			isa = PBXGroup;
			children = (
				482F78402B672474003C1E35 /* HomepageViewController.swift */,
				482F78422B67847F003C1E35 /* DirectoryViewController.swift */,
				482F78442B6784B2003C1E35 /* REMViewController.swift */,
				48681FE32B6575720016960E /* AppDelegate.swift */,
				482F783E2B670D62003C1E35 /* TitleViewController.swift */,
				48681FE52B6575720016960E /* SceneDelegate.swift */,
				48681FE72B6575720016960E /* ViewController.swift */,
				48681FF72B6576860016960E /* CircleView.swift */,
				48681FE92B6575720016960E /* Main.storyboard */,
				481781222B8549F3004AD7D8 /* DutyViewController.swift */,
				48EEF4D02B6B60E500DF4C11 /* HorizontalSegue.swift */,
				4801B3C72B6AC7C700D62337 /* FadeOutTitleView.swift */,
				4801B3C52B696E5900D62337 /* HomebaseProtocolViewController.swift */,
				4801B3C32B696BFE00D62337 /* CardProtocolViewController.swift */,
				48DB7F4F2B6897F0001D9851 /* LockoutTypeViewController.swift */,
				48681FEC2B6575740016960E /* Assets.xcassets */,
				48681FEE2B6575740016960E /* LaunchScreen.storyboard */,
				48681FF12B6575740016960E /* Info.plist */,
			);
			path = prozi;
			sourceTree = "<group>";
		};
/* End PBXGroup section */

/* Begin PBXNativeTarget section */
		48681FDF2B6575720016960E /* prozi */ = {
			isa = PBXNativeTarget;
			buildConfigurationList = 48681FF42B6575740016960E /* Build configuration list for PBXNativeTarget "prozi" */;
			buildPhases = (
				48681FDC2B6575720016960E /* Sources */,
				48681FDD2B6575720016960E /* Frameworks */,
				48681FDE2B6575720016960E /* Resources */,
			);
			buildRules = (
			);
			dependencies = (
			);
			name = prozi;
			productName = prozi;
			productReference = 48681FE02B6575720016960E /* prozi.app */;
			productType = "com.apple.product-type.application";
		};
/* End PBXNativeTarget section */

/* Begin PBXProject section */
		48681FD82B6575720016960E /* Project object */ = {
			isa = PBXProject;
			attributes = {
				BuildIndependentTargetsInParallel = 1;
				LastSwiftUpdateCheck = 1520;
				LastUpgradeCheck = 1520;
				TargetAttributes = {
					48681FDF2B6575720016960E = {
						CreatedOnToolsVersion = 15.2;
					};
				};
			};
			buildConfigurationList = 48681FDB2B6575720016960E /* Build configuration list for PBXProject "prozi" */;
			compatibilityVersion = "Xcode 14.0";
			developmentRegion = en;
			hasScannedForEncodings = 0;
			knownRegions = (
				en,
				Base,
			);
			mainGroup = 48681FD72B6575720016960E;
			productRefGroup = 48681FE12B6575720016960E /* Products */;
			projectDirPath = "";
			projectRoot = "";
			targets = (
				48681FDF2B6575720016960E /* prozi */,
			);
		};
/* End PBXProject section */

/* Begin PBXResourcesBuildPhase section */
		48681FDE2B6575720016960E /* Resources */ = {
			isa = PBXResourcesBuildPhase;
			buildActionMask = 2147483647;
			files = (
				48681FF02B6575740016960E /* LaunchScreen.storyboard in Resources */,
				48681FED2B6575740016960E /* Assets.xcassets in Resources */,
				48681FEB2B6575720016960E /* Main.storyboard in Resources */,
			);
			runOnlyForDeploymentPostprocessing = 0;
		};
/* End PBXResourcesBuildPhase section */

/* Begin PBXSourcesBuildPhase section */
		48681FDC2B6575720016960E /* Sources */ = {
			isa = PBXSourcesBuildPhase;
			buildActionMask = 2147483647;
			files = (
				48EEF4D12B6B60E500DF4C11 /* HorizontalSegue.swift in Sources */,
				48681FF82B6576860016960E /* CircleView.swift in Sources */,
				482F78412B672474003C1E35 /* HomepageViewController.swift in Sources */,
				4801B3C42B696BFE00D62337 /* CardProtocolViewController.swift in Sources */,
				48681FE82B6575720016960E /* ViewController.swift in Sources */,
				482F78432B67847F003C1E35 /* DirectoryViewController.swift in Sources */,
				482F783F2B670D62003C1E35 /* TitleViewController.swift in Sources */,
				482F78452B6784B2003C1E35 /* REMViewController.swift in Sources */,
				481781232B8549F3004AD7D8 /* DutyViewController.swift in Sources */,
				48681FE42B6575720016960E /* AppDelegate.swift in Sources */,
				4801B3C62B696E5900D62337 /* HomebaseProtocolViewController.swift in Sources */,
				48DB7F502B6897F0001D9851 /* LockoutTypeViewController.swift in Sources */,
				4801B3C82B6AC7C700D62337 /* FadeOutTitleView.swift in Sources */,
				48681FE62B6575720016960E /* SceneDelegate.swift in Sources */,
			);
			runOnlyForDeploymentPostprocessing = 0;
		};
/* End PBXSourcesBuildPhase section */

/* Begin PBXVariantGroup section */
		48681FE92B6575720016960E /* Main.storyboard */ = {
			isa = PBXVariantGroup;
			children = (
				48681FEA2B6575720016960E /* Base */,
			);
			name = Main.storyboard;
			sourceTree = "<group>";
		};
		48681FEE2B6575740016960E /* LaunchScreen.storyboard */ = {
			isa = PBXVariantGroup;
			children = (
				48681FEF2B6575740016960E /* Base */,
			);
			name = LaunchScreen.storyboard;
			sourceTree = "<group>";
		};
/* End PBXVariantGroup section */

/* Begin XCBuildConfiguration section */
		48681FF22B6575740016960E /* Debug */ = {
			isa = XCBuildConfiguration;
			buildSettings = {
				ALWAYS_SEARCH_USER_PATHS = NO;
				ASSETCATALOG_COMPILER_GENERATE_SWIFT_ASSET_SYMBOL_EXTENSIONS = YES;
				CLANG_ANALYZER_NONNULL = YES;
				CLANG_ANALYZER_NUMBER_OBJECT_CONVERSION = YES_AGGRESSIVE;
				CLANG_CXX_LANGUAGE_STANDARD = "gnu++20";
				CLANG_ENABLE_MODULES = YES;
				CLANG_ENABLE_OBJC_ARC = YES;
				CLANG_ENABLE_OBJC_WEAK = YES;
				CLANG_WARN_BLOCK_CAPTURE_AUTORELEASING = YES;
				CLANG_WARN_BOOL_CONVERSION = YES;
				CLANG_WARN_COMMA = YES;
				CLANG_WARN_CONSTANT_CONVERSION = YES;
				CLANG_WARN_DEPRECATED_OBJC_IMPLEMENTATIONS = YES;
				CLANG_WARN_DIRECT_OBJC_ISA_USAGE = YES_ERROR;
				CLANG_WARN_DOCUMENTATION_COMMENTS = YES;
				CLANG_WARN_EMPTY_BODY = YES;
				CLANG_WARN_ENUM_CONVERSION = YES;
				CLANG_WARN_INFINITE_RECURSION = YES;
				CLANG_WARN_INT_CONVERSION = YES;
				CLANG_WARN_NON_LITERAL_NULL_CONVERSION = YES;
				CLANG_WARN_OBJC_IMPLICIT_RETAIN_SELF = YES;
				CLANG_WARN_OBJC_LITERAL_CONVERSION = YES;
				CLANG_WARN_OBJC_ROOT_CLASS = YES_ERROR;
				CLANG_WARN_QUOTED_INCLUDE_IN_FRAMEWORK_HEADER = YES;
				CLANG_WARN_RANGE_LOOP_ANALYSIS = YES;
				CLANG_WARN_STRICT_PROTOTYPES = YES;
				CLANG_WARN_SUSPICIOUS_MOVE = YES;
				CLANG_WARN_UNGUARDED_AVAILABILITY = YES_AGGRESSIVE;
				CLANG_WARN_UNREACHABLE_CODE = YES;
				CLANG_WARN__DUPLICATE_METHOD_MATCH = YES;
				COPY_PHASE_STRIP = NO;
				DEBUG_INFORMATION_FORMAT = dwarf;
				ENABLE_STRICT_OBJC_MSGSEND = YES;
				ENABLE_TESTABILITY = YES;
				ENABLE_USER_SCRIPT_SANDBOXING = YES;
				GCC_C_LANGUAGE_STANDARD = gnu17;
				GCC_DYNAMIC_NO_PIC = NO;
				GCC_NO_COMMON_BLOCKS = YES;
				GCC_OPTIMIZATION_LEVEL = 0;
				GCC_PREPROCESSOR_DEFINITIONS = (
					"DEBUG=1",
					"$(inherited)",
				);
				GCC_WARN_64_TO_32_BIT_CONVERSION = YES;
				GCC_WARN_ABOUT_RETURN_TYPE = YES_ERROR;
				GCC_WARN_UNDECLARED_SELECTOR = YES;
				GCC_WARN_UNINITIALIZED_AUTOS = YES_AGGRESSIVE;
				GCC_WARN_UNUSED_FUNCTION = YES;
				GCC_WARN_UNUSED_VARIABLE = YES;
				IPHONEOS_DEPLOYMENT_TARGET = 17.2;
				LOCALIZATION_PREFERS_STRING_CATALOGS = YES;
				MTL_ENABLE_DEBUG_INFO = INCLUDE_SOURCE;
				MTL_FAST_MATH = YES;
				ONLY_ACTIVE_ARCH = YES;
				SDKROOT = iphoneos;
				SWIFT_ACTIVE_COMPILATION_CONDITIONS = "DEBUG $(inherited)";
				SWIFT_OPTIMIZATION_LEVEL = "-Onone";
			};
			name = Debug;
		};
		48681FF32B6575740016960E /* Release */ = {
			isa = XCBuildConfiguration;
			buildSettings = {
				ALWAYS_SEARCH_USER_PATHS = NO;
				ASSETCATALOG_COMPILER_GENERATE_SWIFT_ASSET_SYMBOL_EXTENSIONS = YES;
				CLANG_ANALYZER_NONNULL = YES;
				CLANG_ANALYZER_NUMBER_OBJECT_CONVERSION = YES_AGGRESSIVE;
				CLANG_CXX_LANGUAGE_STANDARD = "gnu++20";
				CLANG_ENABLE_MODULES = YES;
				CLANG_ENABLE_OBJC_ARC = YES;
				CLANG_ENABLE_OBJC_WEAK = YES;
				CLANG_WARN_BLOCK_CAPTURE_AUTORELEASING = YES;
				CLANG_WARN_BOOL_CONVERSION = YES;
				CLANG_WARN_COMMA = YES;
				CLANG_WARN_CONSTANT_CONVERSION = YES;
				CLANG_WARN_DEPRECATED_OBJC_IMPLEMENTATIONS = YES;
				CLANG_WARN_DIRECT_OBJC_ISA_USAGE = YES_ERROR;
				CLANG_WARN_DOCUMENTATION_COMMENTS = YES;
				CLANG_WARN_EMPTY_BODY = YES;
				CLANG_WARN_ENUM_CONVERSION = YES;
				CLANG_WARN_INFINITE_RECURSION = YES;
				CLANG_WARN_INT_CONVERSION = YES;
				CLANG_WARN_NON_LITERAL_NULL_CONVERSION = YES;
				CLANG_WARN_OBJC_IMPLICIT_RETAIN_SELF = YES;
				CLANG_WARN_OBJC_LITERAL_CONVERSION = YES;
				CLANG_WARN_OBJC_ROOT_CLASS = YES_ERROR;
				CLANG_WARN_QUOTED_INCLUDE_IN_FRAMEWORK_HEADER = YES;
				CLANG_WARN_RANGE_LOOP_ANALYSIS = YES;
				CLANG_WARN_STRICT_PROTOTYPES = YES;
				CLANG_WARN_SUSPICIOUS_MOVE = YES;
				CLANG_WARN_UNGUARDED_AVAILABILITY = YES_AGGRESSIVE;
				CLANG_WARN_UNREACHABLE_CODE = YES;
				CLANG_WARN__DUPLICATE_METHOD_MATCH = YES;
				COPY_PHASE_STRIP = NO;
				DEBUG_INFORMATION_FORMAT = "dwarf-with-dsym";
				ENABLE_NS_ASSERTIONS = NO;
				ENABLE_STRICT_OBJC_MSGSEND = YES;
				ENABLE_USER_SCRIPT_SANDBOXING = YES;
				GCC_C_LANGUAGE_STANDARD = gnu17;
				GCC_NO_COMMON_BLOCKS = YES;
				GCC_WARN_64_TO_32_BIT_CONVERSION = YES;
				GCC_WARN_ABOUT_RETURN_TYPE = YES_ERROR;
				GCC_WARN_UNDECLARED_SELECTOR = YES;
				GCC_WARN_UNINITIALIZED_AUTOS = YES_AGGRESSIVE;
				GCC_WARN_UNUSED_FUNCTION = YES;
				GCC_WARN_UNUSED_VARIABLE = YES;
				IPHONEOS_DEPLOYMENT_TARGET = 17.2;
				LOCALIZATION_PREFERS_STRING_CATALOGS = YES;
				MTL_ENABLE_DEBUG_INFO = NO;
				MTL_FAST_MATH = YES;
				SDKROOT = iphoneos;
				SWIFT_COMPILATION_MODE = wholemodule;
				VALIDATE_PRODUCT = YES;
			};
			name = Release;
		};
		48681FF52B6575740016960E /* Debug */ = {
			isa = XCBuildConfiguration;
			buildSettings = {
				ASSETCATALOG_COMPILER_APPICON_NAME = AppIcon;
				ASSETCATALOG_COMPILER_GLOBAL_ACCENT_COLOR_NAME = AccentColor;
				CODE_SIGN_STYLE = Automatic;
				CURRENT_PROJECT_VERSION = 1;
				DEVELOPMENT_TEAM = 8PNYK7XTF3;
				GENERATE_INFOPLIST_FILE = YES;
				INFOPLIST_FILE = prozi/Info.plist;
				INFOPLIST_KEY_UIApplicationSupportsIndirectInputEvents = YES;
				INFOPLIST_KEY_UILaunchStoryboardName = LaunchScreen;
				INFOPLIST_KEY_UIMainStoryboardFile = Main;
				INFOPLIST_KEY_UISupportedInterfaceOrientations_iPad = "UIInterfaceOrientationPortrait UIInterfaceOrientationPortraitUpsideDown UIInterfaceOrientationLandscapeLeft UIInterfaceOrientationLandscapeRight";
				INFOPLIST_KEY_UISupportedInterfaceOrientations_iPhone = "UIInterfaceOrientationPortrait UIInterfaceOrientationLandscapeLeft UIInterfaceOrientationLandscapeRight";
				LD_RUNPATH_SEARCH_PATHS = (
					"$(inherited)",
					"@executable_path/Frameworks",
				);
				MARKETING_VERSION = 1.0;
				PRODUCT_BUNDLE_IDENTIFIER = joma.prozi;
				PRODUCT_NAME = "$(TARGET_NAME)";
				SWIFT_EMIT_LOC_STRINGS = YES;
				SWIFT_VERSION = 5.0;
				TARGETED_DEVICE_FAMILY = "1,2";
			};
			name = Debug;
		};
		48681FF62B6575740016960E /* Release */ = {
			isa = XCBuildConfiguration;
			buildSettings = {
				ASSETCATALOG_COMPILER_APPICON_NAME = AppIcon;
				ASSETCATALOG_COMPILER_GLOBAL_ACCENT_COLOR_NAME = AccentColor;
				CODE_SIGN_STYLE = Automatic;
				CURRENT_PROJECT_VERSION = 1;
				DEVELOPMENT_TEAM = 8PNYK7XTF3;
				GENERATE_INFOPLIST_FILE = YES;
				INFOPLIST_FILE = prozi/Info.plist;
				INFOPLIST_KEY_UIApplicationSupportsIndirectInputEvents = YES;
				INFOPLIST_KEY_UILaunchStoryboardName = LaunchScreen;
				INFOPLIST_KEY_UIMainStoryboardFile = Main;
				INFOPLIST_KEY_UISupportedInterfaceOrientations_iPad = "UIInterfaceOrientationPortrait UIInterfaceOrientationPortraitUpsideDown UIInterfaceOrientationLandscapeLeft UIInterfaceOrientationLandscapeRight";
				INFOPLIST_KEY_UISupportedInterfaceOrientations_iPhone = "UIInterfaceOrientationPortrait UIInterfaceOrientationLandscapeLeft UIInterfaceOrientationLandscapeRight";
				LD_RUNPATH_SEARCH_PATHS = (
					"$(inherited)",
					"@executable_path/Frameworks",
				);
				MARKETING_VERSION = 1.0;
				PRODUCT_BUNDLE_IDENTIFIER = joma.prozi;
				PRODUCT_NAME = "$(TARGET_NAME)";
				SWIFT_EMIT_LOC_STRINGS = YES;
				SWIFT_VERSION = 5.0;
				TARGETED_DEVICE_FAMILY = "1,2";
			};
			name = Release;
		};
/* End XCBuildConfiguration section */

/* Begin XCConfigurationList section */
		48681FDB2B6575720016960E /* Build configuration list for PBXProject "prozi" */ = {
			isa = XCConfigurationList;
			buildConfigurations = (
				48681FF22B6575740016960E /* Debug */,
				48681FF32B6575740016960E /* Release */,
			);
			defaultConfigurationIsVisible = 0;
			defaultConfigurationName = Release;
		};
		48681FF42B6575740016960E /* Build configuration list for PBXNativeTarget "prozi" */ = {
			isa = XCConfigurationList;
			buildConfigurations = (
				48681FF52B6575740016960E /* Debug */,
				48681FF62B6575740016960E /* Release */,
			);
			defaultConfigurationIsVisible = 0;
			defaultConfigurationName = Release;
		};
/* End XCConfigurationList section */
	};
	rootObject = 48681FD82B6575720016960E /* Project object */;
}
